
Microsoft Visual Studio Solution File, Format Version 12.00
# Visual Studio Version 16
VisualStudioVersion = 16.0.30523.141
MinimumVisualStudioVersion = 10.0.40219.1
Project("{FAE04EC0-301F-11D3-BF4B-00C04F79EFBC}") = "OpdrachtProgrammeren", "OpdrachtProgrammeren\OpdrachtProgrammeren.csproj", "{B17E5AC7-C40E-4714-95E5-EBD8A41A74D9}"
EndProject
Global
	GlobalSection(SolutionConfigurationPlatforms) = preSolution
		Debug|Any CPU = Debug|Any CPU
		Release|Any CPU = Release|Any CPU
	EndGlobalSection
	GlobalSection(ProjectConfigurationPlatforms) = postSolution
		{B17E5AC7-C40E-4714-95E5-EBD8A41A74D9}.Debug|Any CPU.ActiveCfg = Debug|Any CPU
		{B17E5AC7-C40E-4714-95E5-EBD8A41A74D9}.Debug|Any CPU.Build.0 = Debug|Any CPU
		{B17E5AC7-C40E-4714-95E5-EBD8A41A74D9}.Release|Any CPU.ActiveCfg = Release|Any CPU
		{B17E5AC7-C40E-4714-95E5-EBD8A41A74D9}.Release|Any CPU.Build.0 = Release|Any CPU
	EndGlobalSection
	GlobalSection(SolutionProperties) = preSolution
		HideSolutionNode = FALSE
	EndGlobalSection
	GlobalSection(ExtensibilityGlobals) = postSolution
		SolutionGuid = {B09FB922-5618-4576-987F-36F18FCD7A83}
	EndGlobalSection
EndGlobal
