
Microsoft Visual Studio Solution File, Format Version 12.00
# Visual Studio Version 16
VisualStudioVersion = 16.0.30804.86
MinimumVisualStudioVersion = 10.0.40219.1
Project("{FAE04EC0-301F-11D3-BF4B-00C04F79EFBC}") = "Amitacheck", "Amitacheck\Amitacheck.csproj", "{3A4D1DEB-13A9-4342-A410-449FF62E57B2}"
EndProject
Global
	GlobalSection(SolutionConfigurationPlatforms) = preSolution
		Debug|Any CPU = Debug|Any CPU
		Release|Any CPU = Release|Any CPU
	EndGlobalSection
	GlobalSection(ProjectConfigurationPlatforms) = postSolution
		{3A4D1DEB-13A9-4342-A410-449FF62E57B2}.Debug|Any CPU.ActiveCfg = Debug|Any CPU
		{3A4D1DEB-13A9-4342-A410-449FF62E57B2}.Debug|Any CPU.Build.0 = Debug|Any CPU
		{3A4D1DEB-13A9-4342-A410-449FF62E57B2}.Release|Any CPU.ActiveCfg = Release|Any CPU
		{3A4D1DEB-13A9-4342-A410-449FF62E57B2}.Release|Any CPU.Build.0 = Release|Any CPU
	EndGlobalSection
	GlobalSection(SolutionProperties) = preSolution
		HideSolutionNode = FALSE
	EndGlobalSection
	GlobalSection(ExtensibilityGlobals) = postSolution
		SolutionGuid = {F94EAB7E-0DAB-4605-8CD9-DF0B82A25A41}
	EndGlobalSection
EndGlobal
