
Microsoft Visual Studio Solution File, Format Version 12.00
# Visual Studio Version 16
VisualStudioVersion = 16.0.30804.86
MinimumVisualStudioVersion = 10.0.40219.1
Project("{FAE04EC0-301F-11D3-BF4B-00C04F79EFBC}") = "TextbasedGame3", "TextbasedGame3\TextbasedGame3.csproj", "{B7E8512B-11EF-4F2F-B865-5DBABD040719}"
EndProject
Global
	GlobalSection(SolutionConfigurationPlatforms) = preSolution
		Debug|Any CPU = Debug|Any CPU
		Release|Any CPU = Release|Any CPU
	EndGlobalSection
	GlobalSection(ProjectConfigurationPlatforms) = postSolution
		{B7E8512B-11EF-4F2F-B865-5DBABD040719}.Debug|Any CPU.ActiveCfg = Debug|Any CPU
		{B7E8512B-11EF-4F2F-B865-5DBABD040719}.Debug|Any CPU.Build.0 = Debug|Any CPU
		{B7E8512B-11EF-4F2F-B865-5DBABD040719}.Release|Any CPU.ActiveCfg = Release|Any CPU
		{B7E8512B-11EF-4F2F-B865-5DBABD040719}.Release|Any CPU.Build.0 = Release|Any CPU
	EndGlobalSection
	GlobalSection(SolutionProperties) = preSolution
		HideSolutionNode = FALSE
	EndGlobalSection
	GlobalSection(ExtensibilityGlobals) = postSolution
		SolutionGuid = {D96FA2FA-E4A4-4172-96EE-CF8C52854838}
	EndGlobalSection
EndGlobal
