
Microsoft Visual Studio Solution File, Format Version 12.00
# Visual Studio Version 16
VisualStudioVersion = 16.0.30621.155
MinimumVisualStudioVersion = 10.0.40219.1
Project("{FAE04EC0-301F-11D3-BF4B-00C04F79EFBC}") = "ExamenKledingWinkel", "ExamenKledingWinkel\ExamenKledingWinkel.csproj", "{711F58FD-FB52-4A62-80F8-28BCF518AD56}"
EndProject
Global
	GlobalSection(SolutionConfigurationPlatforms) = preSolution
		Debug|Any CPU = Debug|Any CPU
		Release|Any CPU = Release|Any CPU
	EndGlobalSection
	GlobalSection(ProjectConfigurationPlatforms) = postSolution
		{711F58FD-FB52-4A62-80F8-28BCF518AD56}.Debug|Any CPU.ActiveCfg = Debug|Any CPU
		{711F58FD-FB52-4A62-80F8-28BCF518AD56}.Debug|Any CPU.Build.0 = Debug|Any CPU
		{711F58FD-FB52-4A62-80F8-28BCF518AD56}.Release|Any CPU.ActiveCfg = Release|Any CPU
		{711F58FD-FB52-4A62-80F8-28BCF518AD56}.Release|Any CPU.Build.0 = Release|Any CPU
	EndGlobalSection
	GlobalSection(SolutionProperties) = preSolution
		HideSolutionNode = FALSE
	EndGlobalSection
	GlobalSection(ExtensibilityGlobals) = postSolution
		SolutionGuid = {BC2E02BC-E4EF-4F9A-9A5B-747A6834E0CE}
	EndGlobalSection
EndGlobal
