
Microsoft Visual Studio Solution File, Format Version 12.00
# Visual Studio Version 16
VisualStudioVersion = 16.0.30621.155
MinimumVisualStudioVersion = 10.0.40219.1
Project("{FAE04EC0-301F-11D3-BF4B-00C04F79EFBC}") = "KlasseVB", "KlasseVB\KlasseVB.csproj", "{CE1EC472-F563-44BB-8F1A-11F88CB44BF2}"
EndProject
Global
	GlobalSection(SolutionConfigurationPlatforms) = preSolution
		Debug|Any CPU = Debug|Any CPU
		Release|Any CPU = Release|Any CPU
	EndGlobalSection
	GlobalSection(ProjectConfigurationPlatforms) = postSolution
		{CE1EC472-F563-44BB-8F1A-11F88CB44BF2}.Debug|Any CPU.ActiveCfg = Debug|Any CPU
		{CE1EC472-F563-44BB-8F1A-11F88CB44BF2}.Debug|Any CPU.Build.0 = Debug|Any CPU
		{CE1EC472-F563-44BB-8F1A-11F88CB44BF2}.Release|Any CPU.ActiveCfg = Release|Any CPU
		{CE1EC472-F563-44BB-8F1A-11F88CB44BF2}.Release|Any CPU.Build.0 = Release|Any CPU
	EndGlobalSection
	GlobalSection(SolutionProperties) = preSolution
		HideSolutionNode = FALSE
	EndGlobalSection
	GlobalSection(ExtensibilityGlobals) = postSolution
		SolutionGuid = {209D07E2-A46F-48EA-A7E7-656904F8D6FC}
	EndGlobalSection
EndGlobal
