
Microsoft Visual Studio Solution File, Format Version 12.00
# Visual Studio Version 16
VisualStudioVersion = 16.0.30804.86
MinimumVisualStudioVersion = 10.0.40219.1
Project("{F184B08F-C81C-45F6-A57F-5ABD9991F28F}") = "TextBaseGame", "TextBaseGame\TextBaseGame.vbproj", "{C9996353-DFF8-49CF-AD9A-45566B8D75C5}"
EndProject
Global
	GlobalSection(SolutionConfigurationPlatforms) = preSolution
		Debug|Any CPU = Debug|Any CPU
		Release|Any CPU = Release|Any CPU
	EndGlobalSection
	GlobalSection(ProjectConfigurationPlatforms) = postSolution
		{C9996353-DFF8-49CF-AD9A-45566B8D75C5}.Debug|Any CPU.ActiveCfg = Debug|Any CPU
		{C9996353-DFF8-49CF-AD9A-45566B8D75C5}.Debug|Any CPU.Build.0 = Debug|Any CPU
		{C9996353-DFF8-49CF-AD9A-45566B8D75C5}.Release|Any CPU.ActiveCfg = Release|Any CPU
		{C9996353-DFF8-49CF-AD9A-45566B8D75C5}.Release|Any CPU.Build.0 = Release|Any CPU
	EndGlobalSection
	GlobalSection(SolutionProperties) = preSolution
		HideSolutionNode = FALSE
	EndGlobalSection
	GlobalSection(ExtensibilityGlobals) = postSolution
		SolutionGuid = {F9F07D39-ADFA-483B-A427-5BD865A0E476}
	EndGlobalSection
EndGlobal
